
Microsoft Visual Studio Solution File, Format Version 12.00
# Visual Studio Version 17
VisualStudioVersion = 17.0.32126.317
MinimumVisualStudioVersion = 10.0.40219.1
Project("{FAE04EC0-301F-11D3-BF4B-00C04F79EFBC}") = "UserLogin", "UserLogin\UserLogin.csproj", "{2FA7D053-3DEE-4084-BC3C-0726DD3482BA}"
EndProject
Project("{FAE04EC0-301F-11D3-BF4B-00C04F79EFBC}") = "StudentInfoSystem", "StudentInfoSystem\StudentInfoSystem.csproj", "{DB59D672-A895-453B-8F08-D8383345BFF0}"
EndProject
Project("{FAE04EC0-301F-11D3-BF4B-00C04F79EFBC}") = "WPFHello", "WPFHello\WPFHello.csproj", "{0CE38EDA-8FED-4A3E-AF5D-640ECABF6B50}"
EndProject
Global
	GlobalSection(SolutionConfigurationPlatforms) = preSolution
		Debug|Any CPU = Debug|Any CPU
		Release|Any CPU = Release|Any CPU
	EndGlobalSection
	GlobalSection(ProjectConfigurationPlatforms) = postSolution
		{2FA7D053-3DEE-4084-BC3C-0726DD3482BA}.Debug|Any CPU.ActiveCfg = Debug|Any CPU
		{2FA7D053-3DEE-4084-BC3C-0726DD3482BA}.Debug|Any CPU.Build.0 = Debug|Any CPU
		{2FA7D053-3DEE-4084-BC3C-0726DD3482BA}.Release|Any CPU.ActiveCfg = Release|Any CPU
		{2FA7D053-3DEE-4084-BC3C-0726DD3482BA}.Release|Any CPU.Build.0 = Release|Any CPU
		{DB59D672-A895-453B-8F08-D8383345BFF0}.Debug|Any CPU.ActiveCfg = Debug|Any CPU
		{DB59D672-A895-453B-8F08-D8383345BFF0}.Debug|Any CPU.Build.0 = Debug|Any CPU
		{DB59D672-A895-453B-8F08-D8383345BFF0}.Release|Any CPU.ActiveCfg = Release|Any CPU
		{DB59D672-A895-453B-8F08-D8383345BFF0}.Release|Any CPU.Build.0 = Release|Any CPU
		{0CE38EDA-8FED-4A3E-AF5D-640ECABF6B50}.Debug|Any CPU.ActiveCfg = Debug|Any CPU
		{0CE38EDA-8FED-4A3E-AF5D-640ECABF6B50}.Debug|Any CPU.Build.0 = Debug|Any CPU
		{0CE38EDA-8FED-4A3E-AF5D-640ECABF6B50}.Release|Any CPU.ActiveCfg = Release|Any CPU
		{0CE38EDA-8FED-4A3E-AF5D-640ECABF6B50}.Release|Any CPU.Build.0 = Release|Any CPU
	EndGlobalSection
	GlobalSection(SolutionProperties) = preSolution
		HideSolutionNode = FALSE
	EndGlobalSection
	GlobalSection(ExtensibilityGlobals) = postSolution
		SolutionGuid = {3AAE8791-9A9E-4084-A18B-CA7E4C0A5438}
	EndGlobalSection
EndGlobal
